
Microsoft Visual Studio Solution File, Format Version 12.00
# Visual Studio Version 16
VisualStudioVersion = 16.0.31005.135
MinimumVisualStudioVersion = 10.0.40219.1
Project("{FAE04EC0-301F-11D3-BF4B-00C04F79EFBC}") = "Forms", "Forms\Forms.csproj", "{68C666B6-73DF-4943-A29C-52BB9DB6AA15}"
EndProject
Global
	GlobalSection(SolutionConfigurationPlatforms) = preSolution
		Debug|Any CPU = Debug|Any CPU
		Release|Any CPU = Release|Any CPU
	EndGlobalSection
	GlobalSection(ProjectConfigurationPlatforms) = postSolution
		{68C666B6-73DF-4943-A29C-52BB9DB6AA15}.Debug|Any CPU.ActiveCfg = Debug|Any CPU
		{68C666B6-73DF-4943-A29C-52BB9DB6AA15}.Debug|Any CPU.Build.0 = Debug|Any CPU
		{68C666B6-73DF-4943-A29C-52BB9DB6AA15}.Release|Any CPU.ActiveCfg = Release|Any CPU
		{68C666B6-73DF-4943-A29C-52BB9DB6AA15}.Release|Any CPU.Build.0 = Release|Any CPU
	EndGlobalSection
	GlobalSection(SolutionProperties) = preSolution
		HideSolutionNode = FALSE
	EndGlobalSection
	GlobalSection(ExtensibilityGlobals) = postSolution
		SolutionGuid = {BB24517A-04F8-4441-915B-FCDA5BD2B015}
	EndGlobalSection
EndGlobal
